// !$*UTF8*$!
{
	archiveVersion = 1;
	classes = {
	};
	objectVersion = 46;
	objects = {

/* Begin PBXBuildFile section */
		B801F26E1653622300DBBFFE /* UILabel+AB.m in Sources */ = {isa = PBXBuildFile; fileRef = B801F26D1653622300DBBFFE /* UILabel+AB.m */; };
		B805D3731685601800F5CFFB /* NSMutableArray+AB.m in Sources */ = {isa = PBXBuildFile; fileRef = B805D3721685601800F5CFFB /* NSMutableArray+AB.m */; };
		B8430C12165563A9007DE400 /* UIView+AB.m in Sources */ = {isa = PBXBuildFile; fileRef = B8430C11165563A9007DE400 /* UIView+AB.m */; };
		B884BAB0163326D700AEAA08 /* ABActionSheet.m in Sources */ = {isa = PBXBuildFile; fileRef = B884BAAB163326D700AEAA08 /* ABActionSheet.m */; };
		B884BAB1163326D700AEAA08 /* ABAlertView.m in Sources */ = {isa = PBXBuildFile; fileRef = B884BAAD163326D700AEAA08 /* ABAlertView.m */; };
		B884BAB2163326D700AEAA08 /* ABRequest.m in Sources */ = {isa = PBXBuildFile; fileRef = B884BAAF163326D700AEAA08 /* ABRequest.m */; };
		B8A050FC1676F49900B2823D /* ABDispatch.m in Sources */ = {isa = PBXBuildFile; fileRef = B8A050FB1676F49900B2823D /* ABDispatch.m */; };
		B8D54FCC16337FB90074A7A0 /* ABTableViewController.m in Sources */ = {isa = PBXBuildFile; fileRef = B8D54FCB16337FB90074A7A0 /* ABTableViewController.m */; };
		B8D54FD0163387470074A7A0 /* ABCollectionViewController.m in Sources */ = {isa = PBXBuildFile; fileRef = B8D54FCF163387470074A7A0 /* ABCollectionViewController.m */; };
		B8DF8F38164D7C800049B85A /* NSArray+AB.m in Sources */ = {isa = PBXBuildFile; fileRef = B8DF8F37164D7C7F0049B85A /* NSArray+AB.m */; };
		B8DF8F3C164D7DE90049B85A /* ABRequired.m in Sources */ = {isa = PBXBuildFile; fileRef = B8DF8F3B164D7DE80049B85A /* ABRequired.m */; };
		B8E2058716321BAE009772AC /* Foundation.framework in Frameworks */ = {isa = PBXBuildFile; fileRef = B8E2058616321BAE009772AC /* Foundation.framework */; };
		B8E2059516321BD9009772AC /* CoreGraphics.framework in Frameworks */ = {isa = PBXBuildFile; fileRef = B8E2059416321BD9009772AC /* CoreGraphics.framework */; };
		B8E2059716321BE0009772AC /* UIKit.framework in Frameworks */ = {isa = PBXBuildFile; fileRef = B8E2059616321BE0009772AC /* UIKit.framework */; };
		B8E2059916321BE9009772AC /* QuartzCore.framework in Frameworks */ = {isa = PBXBuildFile; fileRef = B8E2059816321BE9009772AC /* QuartzCore.framework */; };
		B8E2059B16321BEE009772AC /* CoreData.framework in Frameworks */ = {isa = PBXBuildFile; fileRef = B8E2059A16321BEE009772AC /* CoreData.framework */; };
		B8E205B016321C91009772AC /* ABAppDelegate.m in Sources */ = {isa = PBXBuildFile; fileRef = B8E205A116321C91009772AC /* ABAppDelegate.m */; };
		B8E205B216321C91009772AC /* NSData+AB.m in Sources */ = {isa = PBXBuildFile; fileRef = B8E205A516321C91009772AC /* NSData+AB.m */; };
		B8E205B316321C91009772AC /* NSDate+AB.m in Sources */ = {isa = PBXBuildFile; fileRef = B8E205A716321C91009772AC /* NSDate+AB.m */; };
		B8E205B416321C91009772AC /* NSString+AB.m in Sources */ = {isa = PBXBuildFile; fileRef = B8E205A916321C91009772AC /* NSString+AB.m */; };
		B8E205B516321C91009772AC /* UICollectionView+AB.m in Sources */ = {isa = PBXBuildFile; fileRef = B8E205AB16321C91009772AC /* UICollectionView+AB.m */; };
		B8E205B616321C91009772AC /* UITableView+AB.m in Sources */ = {isa = PBXBuildFile; fileRef = B8E205AD16321C91009772AC /* UITableView+AB.m */; };
/* End PBXBuildFile section */

/* Begin PBXCopyFilesBuildPhase section */
		B8E2058116321BAE009772AC /* CopyFiles */ = {
			isa = PBXCopyFilesBuildPhase;
			buildActionMask = 2147483647;
			dstPath = "include/${PRODUCT_NAME}";
			dstSubfolderSpec = 16;
			files = (
			);
			runOnlyForDeploymentPostprocessing = 0;
		};
/* End PBXCopyFilesBuildPhase section */

/* Begin PBXFileReference section */
		B801F26C1653622300DBBFFE /* UILabel+AB.h */ = {isa = PBXFileReference; fileEncoding = 4; lastKnownFileType = sourcecode.c.h; path = "UILabel+AB.h"; sourceTree = "<group>"; };
		B801F26D1653622300DBBFFE /* UILabel+AB.m */ = {isa = PBXFileReference; fileEncoding = 4; lastKnownFileType = sourcecode.c.objc; path = "UILabel+AB.m"; sourceTree = "<group>"; };
		B805D3711685601800F5CFFB /* NSMutableArray+AB.h */ = {isa = PBXFileReference; fileEncoding = 4; lastKnownFileType = sourcecode.c.h; path = "NSMutableArray+AB.h"; sourceTree = "<group>"; };
		B805D3721685601800F5CFFB /* NSMutableArray+AB.m */ = {isa = PBXFileReference; fileEncoding = 4; lastKnownFileType = sourcecode.c.objc; path = "NSMutableArray+AB.m"; sourceTree = "<group>"; };
		B8430C10165563A9007DE400 /* UIView+AB.h */ = {isa = PBXFileReference; fileEncoding = 4; lastKnownFileType = sourcecode.c.h; path = "UIView+AB.h"; sourceTree = "<group>"; };
		B8430C11165563A9007DE400 /* UIView+AB.m */ = {isa = PBXFileReference; fileEncoding = 4; lastKnownFileType = sourcecode.c.objc; path = "UIView+AB.m"; sourceTree = "<group>"; };
		B884BAAA163326D700AEAA08 /* ABActionSheet.h */ = {isa = PBXFileReference; fileEncoding = 4; lastKnownFileType = sourcecode.c.h; path = ABActionSheet.h; sourceTree = "<group>"; };
		B884BAAB163326D700AEAA08 /* ABActionSheet.m */ = {isa = PBXFileReference; fileEncoding = 4; lastKnownFileType = sourcecode.c.objc; path = ABActionSheet.m; sourceTree = "<group>"; };
		B884BAAC163326D700AEAA08 /* ABAlertView.h */ = {isa = PBXFileReference; fileEncoding = 4; lastKnownFileType = sourcecode.c.h; path = ABAlertView.h; sourceTree = "<group>"; };
		B884BAAD163326D700AEAA08 /* ABAlertView.m */ = {isa = PBXFileReference; fileEncoding = 4; lastKnownFileType = sourcecode.c.objc; path = ABAlertView.m; sourceTree = "<group>"; };
		B884BAAE163326D700AEAA08 /* ABRequest.h */ = {isa = PBXFileReference; fileEncoding = 4; lastKnownFileType = sourcecode.c.h; path = ABRequest.h; sourceTree = "<group>"; };
		B884BAAF163326D700AEAA08 /* ABRequest.m */ = {isa = PBXFileReference; fileEncoding = 4; lastKnownFileType = sourcecode.c.objc; path = ABRequest.m; sourceTree = "<group>"; };
		B8A050FA1676F49900B2823D /* ABDispatch.h */ = {isa = PBXFileReference; fileEncoding = 4; lastKnownFileType = sourcecode.c.h; path = ABDispatch.h; sourceTree = "<group>"; };
		B8A050FB1676F49900B2823D /* ABDispatch.m */ = {isa = PBXFileReference; fileEncoding = 4; lastKnownFileType = sourcecode.c.objc; path = ABDispatch.m; sourceTree = "<group>"; };
		B8D54FCA16337FB90074A7A0 /* ABTableViewController.h */ = {isa = PBXFileReference; fileEncoding = 4; lastKnownFileType = sourcecode.c.h; path = ABTableViewController.h; sourceTree = "<group>"; };
		B8D54FCB16337FB90074A7A0 /* ABTableViewController.m */ = {isa = PBXFileReference; fileEncoding = 4; lastKnownFileType = sourcecode.c.objc; path = ABTableViewController.m; sourceTree = "<group>"; };
		B8D54FCE163387470074A7A0 /* ABCollectionViewController.h */ = {isa = PBXFileReference; fileEncoding = 4; lastKnownFileType = sourcecode.c.h; path = ABCollectionViewController.h; sourceTree = "<group>"; };
		B8D54FCF163387470074A7A0 /* ABCollectionViewController.m */ = {isa = PBXFileReference; fileEncoding = 4; lastKnownFileType = sourcecode.c.objc; path = ABCollectionViewController.m; sourceTree = "<group>"; };
		B8DF8F36164D7C7F0049B85A /* NSArray+AB.h */ = {isa = PBXFileReference; fileEncoding = 4; lastKnownFileType = sourcecode.c.h; path = "NSArray+AB.h"; sourceTree = "<group>"; };
		B8DF8F37164D7C7F0049B85A /* NSArray+AB.m */ = {isa = PBXFileReference; fileEncoding = 4; lastKnownFileType = sourcecode.c.objc; path = "NSArray+AB.m"; sourceTree = "<group>"; };
		B8DF8F3A164D7DE80049B85A /* ABRequired.h */ = {isa = PBXFileReference; fileEncoding = 4; lastKnownFileType = sourcecode.c.h; path = ABRequired.h; sourceTree = "<group>"; };
		B8DF8F3B164D7DE80049B85A /* ABRequired.m */ = {isa = PBXFileReference; fileEncoding = 4; lastKnownFileType = sourcecode.c.objc; path = ABRequired.m; sourceTree = "<group>"; };
		B8E2058316321BAE009772AC /* libABFramework.a */ = {isa = PBXFileReference; explicitFileType = archive.ar; includeInIndex = 0; path = libABFramework.a; sourceTree = BUILT_PRODUCTS_DIR; };
		B8E2058616321BAE009772AC /* Foundation.framework */ = {isa = PBXFileReference; lastKnownFileType = wrapper.framework; name = Foundation.framework; path = System/Library/Frameworks/Foundation.framework; sourceTree = SDKROOT; };
		B8E2058A16321BAE009772AC /* ABFramework-Prefix.pch */ = {isa = PBXFileReference; lastKnownFileType = sourcecode.c.h; path = "ABFramework-Prefix.pch"; sourceTree = "<group>"; };
		B8E2059416321BD9009772AC /* CoreGraphics.framework */ = {isa = PBXFileReference; lastKnownFileType = wrapper.framework; name = CoreGraphics.framework; path = System/Library/Frameworks/CoreGraphics.framework; sourceTree = SDKROOT; };
		B8E2059616321BE0009772AC /* UIKit.framework */ = {isa = PBXFileReference; lastKnownFileType = wrapper.framework; name = UIKit.framework; path = System/Library/Frameworks/UIKit.framework; sourceTree = SDKROOT; };
		B8E2059816321BE9009772AC /* QuartzCore.framework */ = {isa = PBXFileReference; lastKnownFileType = wrapper.framework; name = QuartzCore.framework; path = System/Library/Frameworks/QuartzCore.framework; sourceTree = SDKROOT; };
		B8E2059A16321BEE009772AC /* CoreData.framework */ = {isa = PBXFileReference; lastKnownFileType = wrapper.framework; name = CoreData.framework; path = System/Library/Frameworks/CoreData.framework; sourceTree = SDKROOT; };
		B8E2059C16321C91009772AC /* AB.h */ = {isa = PBXFileReference; fileEncoding = 4; lastKnownFileType = sourcecode.c.h; path = AB.h; sourceTree = "<group>"; };
		B8E205A016321C91009772AC /* ABAppDelegate.h */ = {isa = PBXFileReference; fileEncoding = 4; lastKnownFileType = sourcecode.c.h; path = ABAppDelegate.h; sourceTree = "<group>"; };
		B8E205A116321C91009772AC /* ABAppDelegate.m */ = {isa = PBXFileReference; fileEncoding = 4; lastKnownFileType = sourcecode.c.objc; path = ABAppDelegate.m; sourceTree = "<group>"; };
		B8E205A416321C91009772AC /* NSData+AB.h */ = {isa = PBXFileReference; fileEncoding = 4; lastKnownFileType = sourcecode.c.h; path = "NSData+AB.h"; sourceTree = "<group>"; };
		B8E205A516321C91009772AC /* NSData+AB.m */ = {isa = PBXFileReference; fileEncoding = 4; lastKnownFileType = sourcecode.c.objc; path = "NSData+AB.m"; sourceTree = "<group>"; };
		B8E205A616321C91009772AC /* NSDate+AB.h */ = {isa = PBXFileReference; fileEncoding = 4; lastKnownFileType = sourcecode.c.h; path = "NSDate+AB.h"; sourceTree = "<group>"; };
		B8E205A716321C91009772AC /* NSDate+AB.m */ = {isa = PBXFileReference; fileEncoding = 4; lastKnownFileType = sourcecode.c.objc; path = "NSDate+AB.m"; sourceTree = "<group>"; };
		B8E205A816321C91009772AC /* NSString+AB.h */ = {isa = PBXFileReference; fileEncoding = 4; lastKnownFileType = sourcecode.c.h; path = "NSString+AB.h"; sourceTree = "<group>"; };
		B8E205A916321C91009772AC /* NSString+AB.m */ = {isa = PBXFileReference; fileEncoding = 4; lastKnownFileType = sourcecode.c.objc; path = "NSString+AB.m"; sourceTree = "<group>"; };
		B8E205AA16321C91009772AC /* UICollectionView+AB.h */ = {isa = PBXFileReference; fileEncoding = 4; lastKnownFileType = sourcecode.c.h; path = "UICollectionView+AB.h"; sourceTree = "<group>"; };
		B8E205AB16321C91009772AC /* UICollectionView+AB.m */ = {isa = PBXFileReference; fileEncoding = 4; lastKnownFileType = sourcecode.c.objc; path = "UICollectionView+AB.m"; sourceTree = "<group>"; };
		B8E205AC16321C91009772AC /* UITableView+AB.h */ = {isa = PBXFileReference; fileEncoding = 4; lastKnownFileType = sourcecode.c.h; path = "UITableView+AB.h"; sourceTree = "<group>"; };
		B8E205AD16321C91009772AC /* UITableView+AB.m */ = {isa = PBXFileReference; fileEncoding = 4; lastKnownFileType = sourcecode.c.objc; path = "UITableView+AB.m"; sourceTree = "<group>"; };
/* End PBXFileReference section */

/* Begin PBXFrameworksBuildPhase section */
		B8E2058016321BAE009772AC /* Frameworks */ = {
			isa = PBXFrameworksBuildPhase;
			buildActionMask = 2147483647;
			files = (
				B8E2059B16321BEE009772AC /* CoreData.framework in Frameworks */,
				B8E2059916321BE9009772AC /* QuartzCore.framework in Frameworks */,
				B8E2059716321BE0009772AC /* UIKit.framework in Frameworks */,
				B8E2059516321BD9009772AC /* CoreGraphics.framework in Frameworks */,
				B8E2058716321BAE009772AC /* Foundation.framework in Frameworks */,
			);
			runOnlyForDeploymentPostprocessing = 0;
		};
/* End PBXFrameworksBuildPhase section */

/* Begin PBXGroup section */
		B805D3741685632A00F5CFFB /* Required */ = {
			isa = PBXGroup;
			children = (
				B8DF8F3A164D7DE80049B85A /* ABRequired.h */,
				B8DF8F3B164D7DE80049B85A /* ABRequired.m */,
			);
			name = Required;
			sourceTree = "<group>";
		};
		B805D3751685633900F5CFFB /* Delegate */ = {
			isa = PBXGroup;
			children = (
				B8E205A016321C91009772AC /* ABAppDelegate.h */,
				B8E205A116321C91009772AC /* ABAppDelegate.m */,
			);
			name = Delegate;
			sourceTree = "<group>";
		};
		B805D3761685634D00F5CFFB /* UIKit */ = {
			isa = PBXGroup;
			children = (
				B8430C10165563A9007DE400 /* UIView+AB.h */,
				B8430C11165563A9007DE400 /* UIView+AB.m */,
				B801F26C1653622300DBBFFE /* UILabel+AB.h */,
				B801F26D1653622300DBBFFE /* UILabel+AB.m */,
				B8E205AA16321C91009772AC /* UICollectionView+AB.h */,
				B8E205AB16321C91009772AC /* UICollectionView+AB.m */,
				B8E205AC16321C91009772AC /* UITableView+AB.h */,
				B8E205AD16321C91009772AC /* UITableView+AB.m */,
			);
			name = UIKit;
			sourceTree = "<group>";
		};
		B805D3771685638F00F5CFFB /* Categories */ = {
			isa = PBXGroup;
			children = (
				B8E205A416321C91009772AC /* NSData+AB.h */,
				B8E205A516321C91009772AC /* NSData+AB.m */,
				B8E205A616321C91009772AC /* NSDate+AB.h */,
				B8E205A716321C91009772AC /* NSDate+AB.m */,
				B8E205A816321C91009772AC /* NSString+AB.h */,
				B8E205A916321C91009772AC /* NSString+AB.m */,
				B8DF8F36164D7C7F0049B85A /* NSArray+AB.h */,
				B8DF8F37164D7C7F0049B85A /* NSArray+AB.m */,
				B805D3711685601800F5CFFB /* NSMutableArray+AB.h */,
				B805D3721685601800F5CFFB /* NSMutableArray+AB.m */,
			);
			name = Categories;
			sourceTree = "<group>";
		};
		B805D378168563B400F5CFFB /* Concurency */ = {
			isa = PBXGroup;
			children = (
				B8A050FA1676F49900B2823D /* ABDispatch.h */,
				B8A050FB1676F49900B2823D /* ABDispatch.m */,
			);
			name = Concurency;
			sourceTree = "<group>";
		};
		B805D379168563C300F5CFFB /* Subclasses */ = {
			isa = PBXGroup;
			children = (
				B8D54FCA16337FB90074A7A0 /* ABTableViewController.h */,
				B8D54FCB16337FB90074A7A0 /* ABTableViewController.m */,
				B8D54FCE163387470074A7A0 /* ABCollectionViewController.h */,
				B8D54FCF163387470074A7A0 /* ABCollectionViewController.m */,
				B884BAAA163326D700AEAA08 /* ABActionSheet.h */,
				B884BAAB163326D700AEAA08 /* ABActionSheet.m */,
				B884BAAC163326D700AEAA08 /* ABAlertView.h */,
				B884BAAD163326D700AEAA08 /* ABAlertView.m */,
			);
			name = Subclasses;
			sourceTree = "<group>";
		};
		B805D37A168563DA00F5CFFB /* Network */ = {
			isa = PBXGroup;
			children = (
				B884BAAE163326D700AEAA08 /* ABRequest.h */,
				B884BAAF163326D700AEAA08 /* ABRequest.m */,
			);
			name = Network;
			sourceTree = "<group>";
		};
		B8E2057816321BAE009772AC = {
			isa = PBXGroup;
			children = (
				B8E2058816321BAE009772AC /* ABFramework */,
				B8E2058516321BAE009772AC /* Frameworks */,
				B8E2058416321BAE009772AC /* Products */,
			);
			sourceTree = "<group>";
		};
		B8E2058416321BAE009772AC /* Products */ = {
			isa = PBXGroup;
			children = (
				B8E2058316321BAE009772AC /* libABFramework.a */,
			);
			name = Products;
			sourceTree = "<group>";
		};
		B8E2058516321BAE009772AC /* Frameworks */ = {
			isa = PBXGroup;
			children = (
				B8E2059A16321BEE009772AC /* CoreData.framework */,
				B8E2059816321BE9009772AC /* QuartzCore.framework */,
				B8E2059616321BE0009772AC /* UIKit.framework */,
				B8E2059416321BD9009772AC /* CoreGraphics.framework */,
				B8E2058616321BAE009772AC /* Foundation.framework */,
			);
			name = Frameworks;
			sourceTree = "<group>";
		};
		B8E2058816321BAE009772AC /* ABFramework */ = {
			isa = PBXGroup;
			children = (
				B8E2059C16321C91009772AC /* AB.h */,
				B805D3741685632A00F5CFFB /* Required */,
				B805D3751685633900F5CFFB /* Delegate */,
				B805D3771685638F00F5CFFB /* Categories */,
				B805D378168563B400F5CFFB /* Concurency */,
				B805D379168563C300F5CFFB /* Subclasses */,
				B805D37A168563DA00F5CFFB /* Network */,
				B805D3761685634D00F5CFFB /* UIKit */,
				B8E2058916321BAE009772AC /* Supporting Files */,
			);
			path = ABFramework;
			sourceTree = "<group>";
		};
		B8E2058916321BAE009772AC /* Supporting Files */ = {
			isa = PBXGroup;
			children = (
				B8E2058A16321BAE009772AC /* ABFramework-Prefix.pch */,
			);
			name = "Supporting Files";
			sourceTree = "<group>";
		};
/* End PBXGroup section */

/* Begin PBXNativeTarget section */
		B8E2058216321BAE009772AC /* ABFramework */ = {
			isa = PBXNativeTarget;
			buildConfigurationList = B8E2059116321BAE009772AC /* Build configuration list for PBXNativeTarget "ABFramework" */;
			buildPhases = (
				B8E2057F16321BAE009772AC /* Sources */,
				B8E2058016321BAE009772AC /* Frameworks */,
				B8E2058116321BAE009772AC /* CopyFiles */,
			);
			buildRules = (
			);
			dependencies = (
			);
			name = ABFramework;
			productName = ABFramework;
			productReference = B8E2058316321BAE009772AC /* libABFramework.a */;
			productType = "com.apple.product-type.library.static";
		};
/* End PBXNativeTarget section */

/* Begin PBXProject section */
		B8E2057A16321BAE009772AC /* Project object */ = {
			isa = PBXProject;
			attributes = {
				LastUpgradeCheck = 0450;
				ORGANIZATIONNAME = "Andrew Barba";
			};
			buildConfigurationList = B8E2057D16321BAE009772AC /* Build configuration list for PBXProject "ABFramework" */;
			compatibilityVersion = "Xcode 3.2";
			developmentRegion = English;
			hasScannedForEncodings = 0;
			knownRegions = (
				en,
			);
			mainGroup = B8E2057816321BAE009772AC;
			productRefGroup = B8E2058416321BAE009772AC /* Products */;
			projectDirPath = "";
			projectRoot = "";
			targets = (
				B8E2058216321BAE009772AC /* ABFramework */,
			);
		};
/* End PBXProject section */

/* Begin PBXSourcesBuildPhase section */
		B8E2057F16321BAE009772AC /* Sources */ = {
			isa = PBXSourcesBuildPhase;
			buildActionMask = 2147483647;
			files = (
				B8E205B016321C91009772AC /* ABAppDelegate.m in Sources */,
				B8E205B216321C91009772AC /* NSData+AB.m in Sources */,
				B8E205B316321C91009772AC /* NSDate+AB.m in Sources */,
				B8E205B416321C91009772AC /* NSString+AB.m in Sources */,
				B8E205B516321C91009772AC /* UICollectionView+AB.m in Sources */,
				B8E205B616321C91009772AC /* UITableView+AB.m in Sources */,
				B884BAB0163326D700AEAA08 /* ABActionSheet.m in Sources */,
				B884BAB1163326D700AEAA08 /* ABAlertView.m in Sources */,
				B884BAB2163326D700AEAA08 /* ABRequest.m in Sources */,
				B8D54FCC16337FB90074A7A0 /* ABTableViewController.m in Sources */,
				B8D54FD0163387470074A7A0 /* ABCollectionViewController.m in Sources */,
				B8DF8F38164D7C800049B85A /* NSArray+AB.m in Sources */,
				B8DF8F3C164D7DE90049B85A /* ABRequired.m in Sources */,
				B801F26E1653622300DBBFFE /* UILabel+AB.m in Sources */,
				B8430C12165563A9007DE400 /* UIView+AB.m in Sources */,
				B8A050FC1676F49900B2823D /* ABDispatch.m in Sources */,
				B805D3731685601800F5CFFB /* NSMutableArray+AB.m in Sources */,
			);
			runOnlyForDeploymentPostprocessing = 0;
		};
/* End PBXSourcesBuildPhase section */

/* Begin XCBuildConfiguration section */
		B8E2058F16321BAE009772AC /* Debug */ = {
			isa = XCBuildConfiguration;
			buildSettings = {
				ALWAYS_SEARCH_USER_PATHS = NO;
				CLANG_CXX_LANGUAGE_STANDARD = "gnu++0x";
				CLANG_CXX_LIBRARY = "libc++";
				CLANG_ENABLE_OBJC_ARC = YES;
				CLANG_WARN_EMPTY_BODY = YES;
				CLANG_WARN__DUPLICATE_METHOD_MATCH = YES;
				COPY_PHASE_STRIP = NO;
				GCC_C_LANGUAGE_STANDARD = gnu99;
				GCC_DYNAMIC_NO_PIC = NO;
				GCC_OPTIMIZATION_LEVEL = 0;
				GCC_PREPROCESSOR_DEFINITIONS = (
					"DEBUG=1",
					"$(inherited)",
				);
				GCC_SYMBOLS_PRIVATE_EXTERN = NO;
				GCC_WARN_ABOUT_RETURN_TYPE = YES;
				GCC_WARN_UNINITIALIZED_AUTOS = YES;
				GCC_WARN_UNUSED_VARIABLE = YES;
				IPHONEOS_DEPLOYMENT_TARGET = 6.0;
				ONLY_ACTIVE_ARCH = YES;
				SDKROOT = iphoneos;
			};
			name = Debug;
		};
		B8E2059016321BAE009772AC /* Release */ = {
			isa = XCBuildConfiguration;
			buildSettings = {
				ALWAYS_SEARCH_USER_PATHS = NO;
				CLANG_CXX_LANGUAGE_STANDARD = "gnu++0x";
				CLANG_CXX_LIBRARY = "libc++";
				CLANG_ENABLE_OBJC_ARC = YES;
				CLANG_WARN_EMPTY_BODY = YES;
				CLANG_WARN__DUPLICATE_METHOD_MATCH = YES;
				COPY_PHASE_STRIP = YES;
				GCC_C_LANGUAGE_STANDARD = gnu99;
				GCC_WARN_ABOUT_RETURN_TYPE = YES;
				GCC_WARN_UNINITIALIZED_AUTOS = YES;
				GCC_WARN_UNUSED_VARIABLE = YES;
				IPHONEOS_DEPLOYMENT_TARGET = 6.0;
				SDKROOT = iphoneos;
				VALIDATE_PRODUCT = YES;
			};
			name = Release;
		};
		B8E2059216321BAE009772AC /* Debug */ = {
			isa = XCBuildConfiguration;
			buildSettings = {
				DSTROOT = /tmp/ABFramework.dst;
				GCC_PRECOMPILE_PREFIX_HEADER = YES;
				GCC_PREFIX_HEADER = "ABFramework/ABFramework-Prefix.pch";
				OTHER_LDFLAGS = "-ObjC";
				PRODUCT_NAME = "$(TARGET_NAME)";
				SKIP_INSTALL = YES;
			};
			name = Debug;
		};
		B8E2059316321BAE009772AC /* Release */ = {
			isa = XCBuildConfiguration;
			buildSettings = {
				DSTROOT = /tmp/ABFramework.dst;
				GCC_PRECOMPILE_PREFIX_HEADER = YES;
				GCC_PREFIX_HEADER = "ABFramework/ABFramework-Prefix.pch";
				OTHER_LDFLAGS = "-ObjC";
				PRODUCT_NAME = "$(TARGET_NAME)";
				SKIP_INSTALL = YES;
			};
			name = Release;
		};
/* End XCBuildConfiguration section */

/* Begin XCConfigurationList section */
		B8E2057D16321BAE009772AC /* Build configuration list for PBXProject "ABFramework" */ = {
			isa = XCConfigurationList;
			buildConfigurations = (
				B8E2058F16321BAE009772AC /* Debug */,
				B8E2059016321BAE009772AC /* Release */,
			);
			defaultConfigurationIsVisible = 0;
			defaultConfigurationName = Release;
		};
		B8E2059116321BAE009772AC /* Build configuration list for PBXNativeTarget "ABFramework" */ = {
			isa = XCConfigurationList;
			buildConfigurations = (
				B8E2059216321BAE009772AC /* Debug */,
				B8E2059316321BAE009772AC /* Release */,
			);
			defaultConfigurationIsVisible = 0;
			defaultConfigurationName = Release;
		};
/* End XCConfigurationList section */
	};
	rootObject = B8E2057A16321BAE009772AC /* Project object */;
}
